# Generated by pub
# See http://pub.dartlang.org/doc/glossary.html#lockfile
packages:
  _discoveryapis_commons:
    description:
      name: _discoveryapis_commons
      url: "https://pub.dartlang.org"
    source: hosted
    version: "0.1.3+1"
  async:
    description:
      name: async
      url: "https://pub.dartlang.org"
    source: hosted
    version: "1.13.2"
  charcode:
    description:
      name: charcode
      url: "https://pub.dartlang.org"
    source: hosted
    version: "1.1.1"
  collection:
    description:
      name: collection
      url: "https://pub.dartlang.org"
    source: hosted
    version: "1.13.0"
  config:
    description:
      path: "../../packages/config"
      relative: true
    source: path
    version: "0.0.0"
  convert:
    description:
      name: convert
      url: "https://pub.dartlang.org"
    source: hosted
    version: "2.0.1"
  crypto:
    description:
      name: crypto
      url: "https://pub.dartlang.org"
    source: hosted
    version: "2.0.1"
  googleapis:
    description:
      name: googleapis
      url: "https://pub.dartlang.org"
    source: hosted
    version: "0.32.0"
  googleapis_auth:
    description:
      ref: HEAD
      resolved-ref: "53e848a0f00c4905839c35943667e1793fd3129e"
      url: "https://github.com/jxson/googleapis_auth.git"
    source: git
    version: "0.2.3+5"
  http:
    description:
      name: http
      url: "https://pub.dartlang.org"
    source: hosted
    version: "0.11.3+12"
  http_parser:
    description:
      name: http_parser
      url: "https://pub.dartlang.org"
    source: hosted
    version: "3.1.1"
  path:
    description:
      name: path
      url: "https://pub.dartlang.org"
    source: hosted
    version: "1.4.1"
  source_span:
    description:
      name: source_span
      url: "https://pub.dartlang.org"
    source: hosted
    version: "1.3.1"
  stack_trace:
    description:
      name: stack_trace
      url: "https://pub.dartlang.org"
    source: hosted
    version: "1.7.3"
  string_scanner:
    description:
      name: string_scanner
      url: "https://pub.dartlang.org"
    source: hosted
    version: "1.0.1"
  typed_data:
    description:
      name: typed_data
      url: "https://pub.dartlang.org"
    source: hosted
    version: "1.1.3"
sdks:
  dart: ">=1.23.0-dev.0.0 <2.0.0"
